
Microsoft Visual Studio Solution File, Format Version 12.00
# Visual Studio Version 17
VisualStudioVersion = 17.0.32112.339
MinimumVisualStudioVersion = 10.0.40219.1
Project("{2150E333-8FDC-42A3-9474-1A3956D46DE8}") = "Solution Items", "Solution Items", "{EFDA19B9-3AF2-47F7-977B-E310DE913497}"
	ProjectSection(SolutionItems) = preProject
		.dockerignore = .dockerignore
		.editorconfig = .editorconfig
		.gitignore = .gitignore
		README.md = README.md
	EndProjectSection
EndProject
Project("{2150E333-8FDC-42A3-9474-1A3956D46DE8}") = "src", "src", "{21DC0B96-ED87-4130-BA8D-E8CF73903344}"
EndProject
Project("{2150E333-8FDC-42A3-9474-1A3956D46DE8}") = "tests", "tests", "{E5DE00AF-3C91-41CE-B37C-2C46F97739F3}"
EndProject
Project("{E53339B2-1760-4266-BCC7-CA923CBCF16C}") = "docker-compose", "docker-compose.dcproj", "{6BD2EC46-FA8F-44F3-AF33-903BBB347116}"
EndProject
Project("{9A19103F-16F7-4668-BE54-9A1E7A4F7556}") = "Application.IntegrationTests", "tests\Application.IntegrationTests\Application.IntegrationTests.csproj", "{4AF55920-007C-411D-8AD3-6F9D2C722450}"
EndProject
Project("{9A19103F-16F7-4668-BE54-9A1E7A4F7556}") = "Application.UnitTests", "tests\Application.UnitTests\Application.UnitTests.csproj", "{92C7B430-4830-4ECB-B195-7AA306F1ED21}"
EndProject
Project("{9A19103F-16F7-4668-BE54-9A1E7A4F7556}") = "Domain.UnitTests", "tests\Domain.UnitTests\Domain.UnitTests.csproj", "{CA0BF3A4-392B-41AC-AAEF-C83A59913499}"
EndProject
Project("{2150E333-8FDC-42A3-9474-1A3956D46DE8}") = "Shared", "Shared", "{F917B725-EFAA-49ED-B7E6-2A70B06B1667}"
EndProject
Project("{2150E333-8FDC-42A3-9474-1A3956D46DE8}") = "UnitMg", "UnitMg", "{D7616733-B380-413D-BBFE-A5CA6C8BBC48}"
EndProject
Project("{9A19103F-16F7-4668-BE54-9A1E7A4F7556}") = "UnitMgr.Infrastructure", "src\UnitMgr\UnitMgr.Infrastructure\UnitMgr.Infrastructure.csproj", "{3056D079-B95E-4AC1-936F-31AEBE2AFE2D}"
EndProject
Project("{9A19103F-16F7-4668-BE54-9A1E7A4F7556}") = "UnitMgr.Domain", "src\UnitMgr\UnitMgr.Domain\UnitMgr.Domain.csproj", "{9168C79B-56E7-474A-A56D-28AA48A49958}"
EndProject
Project("{9A19103F-16F7-4668-BE54-9A1E7A4F7556}") = "UnitMgr.Admin", "src\UnitMgr\UnitMgr.Admin\UnitMgr.Admin.csproj", "{38F23959-74A0-499C-8410-9A0233E9AEC9}"
EndProject
Project("{9A19103F-16F7-4668-BE54-9A1E7A4F7556}") = "Mgr.Core", "src\Mgr.Core\Mgr.Core.csproj", "{C0E05C63-FF62-447B-B790-D80B0C486326}"
EndProject
Project("{9A19103F-16F7-4668-BE54-9A1E7A4F7556}") = "UnitMgr.API", "src\UnitMgr\Unit.Mgr.API\UnitMgr.API.csproj", "{7A837593-B157-48A7-B4CA-8376EE4B6ABD}"
EndProject
Project("{9A19103F-16F7-4668-BE54-9A1E7A4F7556}") = "UnitMgr.Application", "src\UnitMgr\UnitMgr.Application\UnitMgr.Application.csproj", "{EE5D509D-6369-4850-B5A9-8BE3EF1D9C4B}"
EndProject
Project("{2150E333-8FDC-42A3-9474-1A3956D46DE8}") = "blazorserverIdentity", "blazorserverIdentity", "{9655EB91-0FEE-456D-B5DC-FE658F1CCAEF}"
EndProject
Project("{FAE04EC0-301F-11D3-BF4B-00C04F79EFBC}") = "BlazorServerApp", "tests\BlazorServerApp\BlazorServerApp.csproj", "{D8242FB7-85C1-4C50-BB7D-A6B931C528C3}"
EndProject
Global
	GlobalSection(SolutionConfigurationPlatforms) = preSolution
		Debug|Any CPU = Debug|Any CPU
		Release|Any CPU = Release|Any CPU
	EndGlobalSection
	GlobalSection(ProjectConfigurationPlatforms) = postSolution
		{6BD2EC46-FA8F-44F3-AF33-903BBB347116}.Debug|Any CPU.ActiveCfg = Debug|Any CPU
		{6BD2EC46-FA8F-44F3-AF33-903BBB347116}.Debug|Any CPU.Build.0 = Debug|Any CPU
		{6BD2EC46-FA8F-44F3-AF33-903BBB347116}.Release|Any CPU.ActiveCfg = Release|Any CPU
		{6BD2EC46-FA8F-44F3-AF33-903BBB347116}.Release|Any CPU.Build.0 = Release|Any CPU
		{4AF55920-007C-411D-8AD3-6F9D2C722450}.Debug|Any CPU.ActiveCfg = Debug|Any CPU
		{4AF55920-007C-411D-8AD3-6F9D2C722450}.Debug|Any CPU.Build.0 = Debug|Any CPU
		{4AF55920-007C-411D-8AD3-6F9D2C722450}.Release|Any CPU.ActiveCfg = Release|Any CPU
		{4AF55920-007C-411D-8AD3-6F9D2C722450}.Release|Any CPU.Build.0 = Release|Any CPU
		{92C7B430-4830-4ECB-B195-7AA306F1ED21}.Debug|Any CPU.ActiveCfg = Debug|Any CPU
		{92C7B430-4830-4ECB-B195-7AA306F1ED21}.Debug|Any CPU.Build.0 = Debug|Any CPU
		{92C7B430-4830-4ECB-B195-7AA306F1ED21}.Release|Any CPU.ActiveCfg = Release|Any CPU
		{92C7B430-4830-4ECB-B195-7AA306F1ED21}.Release|Any CPU.Build.0 = Release|Any CPU
		{CA0BF3A4-392B-41AC-AAEF-C83A59913499}.Debug|Any CPU.ActiveCfg = Debug|Any CPU
		{CA0BF3A4-392B-41AC-AAEF-C83A59913499}.Debug|Any CPU.Build.0 = Debug|Any CPU
		{CA0BF3A4-392B-41AC-AAEF-C83A59913499}.Release|Any CPU.ActiveCfg = Release|Any CPU
		{CA0BF3A4-392B-41AC-AAEF-C83A59913499}.Release|Any CPU.Build.0 = Release|Any CPU
		{3056D079-B95E-4AC1-936F-31AEBE2AFE2D}.Debug|Any CPU.ActiveCfg = Debug|Any CPU
		{3056D079-B95E-4AC1-936F-31AEBE2AFE2D}.Debug|Any CPU.Build.0 = Debug|Any CPU
		{3056D079-B95E-4AC1-936F-31AEBE2AFE2D}.Release|Any CPU.ActiveCfg = Release|Any CPU
		{3056D079-B95E-4AC1-936F-31AEBE2AFE2D}.Release|Any CPU.Build.0 = Release|Any CPU
		{9168C79B-56E7-474A-A56D-28AA48A49958}.Debug|Any CPU.ActiveCfg = Debug|Any CPU
		{9168C79B-56E7-474A-A56D-28AA48A49958}.Debug|Any CPU.Build.0 = Debug|Any CPU
		{9168C79B-56E7-474A-A56D-28AA48A49958}.Release|Any CPU.ActiveCfg = Release|Any CPU
		{9168C79B-56E7-474A-A56D-28AA48A49958}.Release|Any CPU.Build.0 = Release|Any CPU
		{38F23959-74A0-499C-8410-9A0233E9AEC9}.Debug|Any CPU.ActiveCfg = Debug|Any CPU
		{38F23959-74A0-499C-8410-9A0233E9AEC9}.Debug|Any CPU.Build.0 = Debug|Any CPU
		{38F23959-74A0-499C-8410-9A0233E9AEC9}.Release|Any CPU.ActiveCfg = Release|Any CPU
		{38F23959-74A0-499C-8410-9A0233E9AEC9}.Release|Any CPU.Build.0 = Release|Any CPU
		{C0E05C63-FF62-447B-B790-D80B0C486326}.Debug|Any CPU.ActiveCfg = Debug|Any CPU
		{C0E05C63-FF62-447B-B790-D80B0C486326}.Debug|Any CPU.Build.0 = Debug|Any CPU
		{C0E05C63-FF62-447B-B790-D80B0C486326}.Release|Any CPU.ActiveCfg = Release|Any CPU
		{C0E05C63-FF62-447B-B790-D80B0C486326}.Release|Any CPU.Build.0 = Release|Any CPU
		{7A837593-B157-48A7-B4CA-8376EE4B6ABD}.Debug|Any CPU.ActiveCfg = Debug|Any CPU
		{7A837593-B157-48A7-B4CA-8376EE4B6ABD}.Debug|Any CPU.Build.0 = Debug|Any CPU
		{7A837593-B157-48A7-B4CA-8376EE4B6ABD}.Release|Any CPU.ActiveCfg = Release|Any CPU
		{7A837593-B157-48A7-B4CA-8376EE4B6ABD}.Release|Any CPU.Build.0 = Release|Any CPU
		{EE5D509D-6369-4850-B5A9-8BE3EF1D9C4B}.Debug|Any CPU.ActiveCfg = Debug|Any CPU
		{EE5D509D-6369-4850-B5A9-8BE3EF1D9C4B}.Debug|Any CPU.Build.0 = Debug|Any CPU
		{EE5D509D-6369-4850-B5A9-8BE3EF1D9C4B}.Release|Any CPU.ActiveCfg = Release|Any CPU
		{EE5D509D-6369-4850-B5A9-8BE3EF1D9C4B}.Release|Any CPU.Build.0 = Release|Any CPU
		{D8242FB7-85C1-4C50-BB7D-A6B931C528C3}.Debug|Any CPU.ActiveCfg = Debug|Any CPU
		{D8242FB7-85C1-4C50-BB7D-A6B931C528C3}.Debug|Any CPU.Build.0 = Debug|Any CPU
		{D8242FB7-85C1-4C50-BB7D-A6B931C528C3}.Release|Any CPU.ActiveCfg = Release|Any CPU
		{D8242FB7-85C1-4C50-BB7D-A6B931C528C3}.Release|Any CPU.Build.0 = Release|Any CPU
	EndGlobalSection
	GlobalSection(SolutionProperties) = preSolution
		HideSolutionNode = FALSE
	EndGlobalSection
	GlobalSection(NestedProjects) = preSolution
		{4AF55920-007C-411D-8AD3-6F9D2C722450} = {E5DE00AF-3C91-41CE-B37C-2C46F97739F3}
		{92C7B430-4830-4ECB-B195-7AA306F1ED21} = {E5DE00AF-3C91-41CE-B37C-2C46F97739F3}
		{CA0BF3A4-392B-41AC-AAEF-C83A59913499} = {E5DE00AF-3C91-41CE-B37C-2C46F97739F3}
		{D7616733-B380-413D-BBFE-A5CA6C8BBC48} = {21DC0B96-ED87-4130-BA8D-E8CF73903344}
		{3056D079-B95E-4AC1-936F-31AEBE2AFE2D} = {D7616733-B380-413D-BBFE-A5CA6C8BBC48}
		{9168C79B-56E7-474A-A56D-28AA48A49958} = {D7616733-B380-413D-BBFE-A5CA6C8BBC48}
		{38F23959-74A0-499C-8410-9A0233E9AEC9} = {D7616733-B380-413D-BBFE-A5CA6C8BBC48}
		{C0E05C63-FF62-447B-B790-D80B0C486326} = {F917B725-EFAA-49ED-B7E6-2A70B06B1667}
		{7A837593-B157-48A7-B4CA-8376EE4B6ABD} = {D7616733-B380-413D-BBFE-A5CA6C8BBC48}
		{EE5D509D-6369-4850-B5A9-8BE3EF1D9C4B} = {D7616733-B380-413D-BBFE-A5CA6C8BBC48}
		{9655EB91-0FEE-456D-B5DC-FE658F1CCAEF} = {E5DE00AF-3C91-41CE-B37C-2C46F97739F3}
		{D8242FB7-85C1-4C50-BB7D-A6B931C528C3} = {9655EB91-0FEE-456D-B5DC-FE658F1CCAEF}
	EndGlobalSection
	GlobalSection(ExtensibilityGlobals) = postSolution
		SolutionGuid = {384CDE06-46A5-4FC5-AED4-7B23339EA56F}
	EndGlobalSection
EndGlobal
